
Microsoft Visual Studio Solution File, Format Version 12.00
# Visual Studio Version 17
VisualStudioVersion = 17.9.34728.123
MinimumVisualStudioVersion = 10.0.40219.1
Project("{2150E333-8FDC-42A3-9474-1A3956D46DE8}") = "Profil", "Profil", "{697D6364-60E5-4639-BAD9-0CD176A9071E}"
EndProject
Project("{2150E333-8FDC-42A3-9474-1A3956D46DE8}") = "Rejections", "Rejections", "{F42AC8D8-D33F-4FAB-A5B0-10E3F2ED786E}"
EndProject
Project("{2150E333-8FDC-42A3-9474-1A3956D46DE8}") = "User", "User", "{E788397D-613C-4FE8-AC49-1A58C6D11E9A}"
EndProject
Project("{2150E333-8FDC-42A3-9474-1A3956D46DE8}") = "ExternalUser", "ExternalUser", "{61FF2D2D-B5E8-4FCF-A702-12BF8668B223}"
EndProject
Project("{9A19103F-16F7-4668-BE54-9A1E7A4F7556}") = "Profil.Api", "Profil.Service\Profil.Api.csproj", "{80D1DBD8-58AB-4BCD-BE34-16496345D3DD}"
EndProject
Project("{9A19103F-16F7-4668-BE54-9A1E7A4F7556}") = "Profil.Storage", "Profil.Storage\Profil.Storage.csproj", "{B72C6B18-A04B-4A65-9F97-24DAECAB28E6}"
EndProject
Project("{9A19103F-16F7-4668-BE54-9A1E7A4F7556}") = "Profil.CrossCutting", "Profil.CrossCutting\Profil.CrossCutting.csproj", "{D4826EAC-2D3C-4A44-AC6C-8ECC38FF11CF}"
EndProject
Project("{9A19103F-16F7-4668-BE54-9A1E7A4F7556}") = "Rejections.Api", "Rejections.Api\Rejections.Api.csproj", "{6970F079-E61B-48D8-AD15-D4CE06B7EE6D}"
EndProject
Project("{9A19103F-16F7-4668-BE54-9A1E7A4F7556}") = "Rejections.Storage", "Rejections.Storage\Rejections.Storage.csproj", "{8B33773C-AAE5-4DF5-97C8-0539A4FD9EFA}"
EndProject
Project("{9A19103F-16F7-4668-BE54-9A1E7A4F7556}") = "Rejections.CrossCutting", "Rejections.CrossCutting\Rejections.CrossCutting.csproj", "{316E6C9D-BCDB-4458-8E8D-2DE87F847447}"
EndProject
Project("{9A19103F-16F7-4668-BE54-9A1E7A4F7556}") = "User.Api", "User.Api\User.Api.csproj", "{B3473F65-2080-43B7-B579-BE35CBAE715C}"
EndProject
Project("{9A19103F-16F7-4668-BE54-9A1E7A4F7556}") = "User.Storage", "User.Storage\User.Storage.csproj", "{219646B9-21DC-415C-B58C-A1A0A020437F}"
EndProject
Project("{9A19103F-16F7-4668-BE54-9A1E7A4F7556}") = "User.CrossCutting", "User.CrossCutting\User.CrossCutting.csproj", "{1CA16FE2-E89B-4068-81B4-C934AB095B02}"
EndProject
Project("{9A19103F-16F7-4668-BE54-9A1E7A4F7556}") = "ExternalUser.Api", "ExternalUser.Api\ExternalUser.Api.csproj", "{439799A2-AA6A-4F0B-B823-48BB86F180ED}"
EndProject
Project("{9A19103F-16F7-4668-BE54-9A1E7A4F7556}") = "ExternalUser.Storage", "ExternalUser.Storage\ExternalUser.Storage.csproj", "{3DA3AA9A-1542-44F7-91C7-595CBFBFF332}"
EndProject
Project("{9A19103F-16F7-4668-BE54-9A1E7A4F7556}") = "ExternalUser.CrossCutting", "ExternalUser.CrossCutting\ExternalUser.CrossCutting.csproj", "{5CAB6CF5-1F44-41EC-8B47-36E7EE492245}"
EndProject
Project("{2150E333-8FDC-42A3-9474-1A3956D46DE8}") = "Common", "Common", "{8D661564-4CA4-4FB3-BC5F-032184C684C6}"
EndProject
Project("{9A19103F-16F7-4668-BE54-9A1E7A4F7556}") = "Common.Storage", "Common.Storage\Common.Storage.csproj", "{3D968FAF-D35F-4594-B7D6-4D5FFFD65B39}"
EndProject
Project("{9A19103F-16F7-4668-BE54-9A1E7A4F7556}") = "Common.Api", "Common.Api\Common.Api.csproj", "{F9838124-37CB-4818-AEC5-29737257169C}"
EndProject
Project("{9A19103F-16F7-4668-BE54-9A1E7A4F7556}") = "Common.CrossCutting", "Common.CrossCutting\Common.CrossCutting.csproj", "{9838001A-EECD-4A34-95CD-DACBFFDB15D2}"
EndProject
Project("{9A19103F-16F7-4668-BE54-9A1E7A4F7556}") = "Website", "Website\Website.csproj", "{0E793B63-9CD1-4835-94CB-04FF236DD854}"
EndProject
Global
	GlobalSection(SolutionConfigurationPlatforms) = preSolution
		Debug|Any CPU = Debug|Any CPU
		Release|Any CPU = Release|Any CPU
	EndGlobalSection
	GlobalSection(ProjectConfigurationPlatforms) = postSolution
		{80D1DBD8-58AB-4BCD-BE34-16496345D3DD}.Debug|Any CPU.ActiveCfg = Debug|Any CPU
		{80D1DBD8-58AB-4BCD-BE34-16496345D3DD}.Debug|Any CPU.Build.0 = Debug|Any CPU
		{80D1DBD8-58AB-4BCD-BE34-16496345D3DD}.Release|Any CPU.ActiveCfg = Release|Any CPU
		{80D1DBD8-58AB-4BCD-BE34-16496345D3DD}.Release|Any CPU.Build.0 = Release|Any CPU
		{B72C6B18-A04B-4A65-9F97-24DAECAB28E6}.Debug|Any CPU.ActiveCfg = Debug|Any CPU
		{B72C6B18-A04B-4A65-9F97-24DAECAB28E6}.Debug|Any CPU.Build.0 = Debug|Any CPU
		{B72C6B18-A04B-4A65-9F97-24DAECAB28E6}.Release|Any CPU.ActiveCfg = Release|Any CPU
		{B72C6B18-A04B-4A65-9F97-24DAECAB28E6}.Release|Any CPU.Build.0 = Release|Any CPU
		{D4826EAC-2D3C-4A44-AC6C-8ECC38FF11CF}.Debug|Any CPU.ActiveCfg = Debug|Any CPU
		{D4826EAC-2D3C-4A44-AC6C-8ECC38FF11CF}.Debug|Any CPU.Build.0 = Debug|Any CPU
		{D4826EAC-2D3C-4A44-AC6C-8ECC38FF11CF}.Release|Any CPU.ActiveCfg = Release|Any CPU
		{D4826EAC-2D3C-4A44-AC6C-8ECC38FF11CF}.Release|Any CPU.Build.0 = Release|Any CPU
		{6970F079-E61B-48D8-AD15-D4CE06B7EE6D}.Debug|Any CPU.ActiveCfg = Debug|Any CPU
		{6970F079-E61B-48D8-AD15-D4CE06B7EE6D}.Debug|Any CPU.Build.0 = Debug|Any CPU
		{6970F079-E61B-48D8-AD15-D4CE06B7EE6D}.Release|Any CPU.ActiveCfg = Release|Any CPU
		{6970F079-E61B-48D8-AD15-D4CE06B7EE6D}.Release|Any CPU.Build.0 = Release|Any CPU
		{8B33773C-AAE5-4DF5-97C8-0539A4FD9EFA}.Debug|Any CPU.ActiveCfg = Debug|Any CPU
		{8B33773C-AAE5-4DF5-97C8-0539A4FD9EFA}.Debug|Any CPU.Build.0 = Debug|Any CPU
		{8B33773C-AAE5-4DF5-97C8-0539A4FD9EFA}.Release|Any CPU.ActiveCfg = Release|Any CPU
		{8B33773C-AAE5-4DF5-97C8-0539A4FD9EFA}.Release|Any CPU.Build.0 = Release|Any CPU
		{316E6C9D-BCDB-4458-8E8D-2DE87F847447}.Debug|Any CPU.ActiveCfg = Debug|Any CPU
		{316E6C9D-BCDB-4458-8E8D-2DE87F847447}.Debug|Any CPU.Build.0 = Debug|Any CPU
		{316E6C9D-BCDB-4458-8E8D-2DE87F847447}.Release|Any CPU.ActiveCfg = Release|Any CPU
		{316E6C9D-BCDB-4458-8E8D-2DE87F847447}.Release|Any CPU.Build.0 = Release|Any CPU
		{B3473F65-2080-43B7-B579-BE35CBAE715C}.Debug|Any CPU.ActiveCfg = Debug|Any CPU
		{B3473F65-2080-43B7-B579-BE35CBAE715C}.Debug|Any CPU.Build.0 = Debug|Any CPU
		{B3473F65-2080-43B7-B579-BE35CBAE715C}.Release|Any CPU.ActiveCfg = Release|Any CPU
		{B3473F65-2080-43B7-B579-BE35CBAE715C}.Release|Any CPU.Build.0 = Release|Any CPU
		{219646B9-21DC-415C-B58C-A1A0A020437F}.Debug|Any CPU.ActiveCfg = Debug|Any CPU
		{219646B9-21DC-415C-B58C-A1A0A020437F}.Debug|Any CPU.Build.0 = Debug|Any CPU
		{219646B9-21DC-415C-B58C-A1A0A020437F}.Release|Any CPU.ActiveCfg = Release|Any CPU
		{219646B9-21DC-415C-B58C-A1A0A020437F}.Release|Any CPU.Build.0 = Release|Any CPU
		{1CA16FE2-E89B-4068-81B4-C934AB095B02}.Debug|Any CPU.ActiveCfg = Debug|Any CPU
		{1CA16FE2-E89B-4068-81B4-C934AB095B02}.Debug|Any CPU.Build.0 = Debug|Any CPU
		{1CA16FE2-E89B-4068-81B4-C934AB095B02}.Release|Any CPU.ActiveCfg = Release|Any CPU
		{1CA16FE2-E89B-4068-81B4-C934AB095B02}.Release|Any CPU.Build.0 = Release|Any CPU
		{439799A2-AA6A-4F0B-B823-48BB86F180ED}.Debug|Any CPU.ActiveCfg = Debug|Any CPU
		{439799A2-AA6A-4F0B-B823-48BB86F180ED}.Debug|Any CPU.Build.0 = Debug|Any CPU
		{439799A2-AA6A-4F0B-B823-48BB86F180ED}.Release|Any CPU.ActiveCfg = Release|Any CPU
		{439799A2-AA6A-4F0B-B823-48BB86F180ED}.Release|Any CPU.Build.0 = Release|Any CPU
		{3DA3AA9A-1542-44F7-91C7-595CBFBFF332}.Debug|Any CPU.ActiveCfg = Debug|Any CPU
		{3DA3AA9A-1542-44F7-91C7-595CBFBFF332}.Debug|Any CPU.Build.0 = Debug|Any CPU
		{3DA3AA9A-1542-44F7-91C7-595CBFBFF332}.Release|Any CPU.ActiveCfg = Release|Any CPU
		{3DA3AA9A-1542-44F7-91C7-595CBFBFF332}.Release|Any CPU.Build.0 = Release|Any CPU
		{5CAB6CF5-1F44-41EC-8B47-36E7EE492245}.Debug|Any CPU.ActiveCfg = Debug|Any CPU
		{5CAB6CF5-1F44-41EC-8B47-36E7EE492245}.Debug|Any CPU.Build.0 = Debug|Any CPU
		{5CAB6CF5-1F44-41EC-8B47-36E7EE492245}.Release|Any CPU.ActiveCfg = Release|Any CPU
		{5CAB6CF5-1F44-41EC-8B47-36E7EE492245}.Release|Any CPU.Build.0 = Release|Any CPU
		{3D968FAF-D35F-4594-B7D6-4D5FFFD65B39}.Debug|Any CPU.ActiveCfg = Debug|Any CPU
		{3D968FAF-D35F-4594-B7D6-4D5FFFD65B39}.Debug|Any CPU.Build.0 = Debug|Any CPU
		{3D968FAF-D35F-4594-B7D6-4D5FFFD65B39}.Release|Any CPU.ActiveCfg = Release|Any CPU
		{3D968FAF-D35F-4594-B7D6-4D5FFFD65B39}.Release|Any CPU.Build.0 = Release|Any CPU
		{F9838124-37CB-4818-AEC5-29737257169C}.Debug|Any CPU.ActiveCfg = Debug|Any CPU
		{F9838124-37CB-4818-AEC5-29737257169C}.Debug|Any CPU.Build.0 = Debug|Any CPU
		{F9838124-37CB-4818-AEC5-29737257169C}.Release|Any CPU.ActiveCfg = Release|Any CPU
		{F9838124-37CB-4818-AEC5-29737257169C}.Release|Any CPU.Build.0 = Release|Any CPU
		{9838001A-EECD-4A34-95CD-DACBFFDB15D2}.Debug|Any CPU.ActiveCfg = Debug|Any CPU
		{9838001A-EECD-4A34-95CD-DACBFFDB15D2}.Debug|Any CPU.Build.0 = Debug|Any CPU
		{9838001A-EECD-4A34-95CD-DACBFFDB15D2}.Release|Any CPU.ActiveCfg = Release|Any CPU
		{9838001A-EECD-4A34-95CD-DACBFFDB15D2}.Release|Any CPU.Build.0 = Release|Any CPU
		{0E793B63-9CD1-4835-94CB-04FF236DD854}.Debug|Any CPU.ActiveCfg = Debug|Any CPU
		{0E793B63-9CD1-4835-94CB-04FF236DD854}.Debug|Any CPU.Build.0 = Debug|Any CPU
		{0E793B63-9CD1-4835-94CB-04FF236DD854}.Release|Any CPU.ActiveCfg = Release|Any CPU
		{0E793B63-9CD1-4835-94CB-04FF236DD854}.Release|Any CPU.Build.0 = Release|Any CPU
	EndGlobalSection
	GlobalSection(SolutionProperties) = preSolution
		HideSolutionNode = FALSE
	EndGlobalSection
	GlobalSection(NestedProjects) = preSolution
		{80D1DBD8-58AB-4BCD-BE34-16496345D3DD} = {697D6364-60E5-4639-BAD9-0CD176A9071E}
		{B72C6B18-A04B-4A65-9F97-24DAECAB28E6} = {697D6364-60E5-4639-BAD9-0CD176A9071E}
		{D4826EAC-2D3C-4A44-AC6C-8ECC38FF11CF} = {697D6364-60E5-4639-BAD9-0CD176A9071E}
		{6970F079-E61B-48D8-AD15-D4CE06B7EE6D} = {F42AC8D8-D33F-4FAB-A5B0-10E3F2ED786E}
		{8B33773C-AAE5-4DF5-97C8-0539A4FD9EFA} = {F42AC8D8-D33F-4FAB-A5B0-10E3F2ED786E}
		{316E6C9D-BCDB-4458-8E8D-2DE87F847447} = {F42AC8D8-D33F-4FAB-A5B0-10E3F2ED786E}
		{B3473F65-2080-43B7-B579-BE35CBAE715C} = {E788397D-613C-4FE8-AC49-1A58C6D11E9A}
		{219646B9-21DC-415C-B58C-A1A0A020437F} = {E788397D-613C-4FE8-AC49-1A58C6D11E9A}
		{1CA16FE2-E89B-4068-81B4-C934AB095B02} = {E788397D-613C-4FE8-AC49-1A58C6D11E9A}
		{439799A2-AA6A-4F0B-B823-48BB86F180ED} = {61FF2D2D-B5E8-4FCF-A702-12BF8668B223}
		{3DA3AA9A-1542-44F7-91C7-595CBFBFF332} = {61FF2D2D-B5E8-4FCF-A702-12BF8668B223}
		{5CAB6CF5-1F44-41EC-8B47-36E7EE492245} = {61FF2D2D-B5E8-4FCF-A702-12BF8668B223}
		{3D968FAF-D35F-4594-B7D6-4D5FFFD65B39} = {8D661564-4CA4-4FB3-BC5F-032184C684C6}
		{F9838124-37CB-4818-AEC5-29737257169C} = {8D661564-4CA4-4FB3-BC5F-032184C684C6}
		{9838001A-EECD-4A34-95CD-DACBFFDB15D2} = {8D661564-4CA4-4FB3-BC5F-032184C684C6}
	EndGlobalSection
	GlobalSection(ExtensibilityGlobals) = postSolution
		SolutionGuid = {FCEE1A96-A2C5-403B-BF7F-68440B4912CD}
	EndGlobalSection
EndGlobal
